
Microsoft Visual Studio Solution File, Format Version 12.00
# Visual Studio Version 16
VisualStudioVersion = 16.0.31229.75
MinimumVisualStudioVersion = 10.0.40219.1
Project("{FAE04EC0-301F-11D3-BF4B-00C04F79EFBC}") = "ShopDongHo", "ShopDongHo\ShopDongHo.csproj", "{B60B8B34-6029-4D76-A6EF-A1A98CF854C0}"
EndProject
Global
	GlobalSection(SolutionConfigurationPlatforms) = preSolution
		Debug|Any CPU = Debug|Any CPU
		Release|Any CPU = Release|Any CPU
	EndGlobalSection
	GlobalSection(ProjectConfigurationPlatforms) = postSolution
		{B60B8B34-6029-4D76-A6EF-A1A98CF854C0}.Debug|Any CPU.ActiveCfg = Debug|Any CPU
		{B60B8B34-6029-4D76-A6EF-A1A98CF854C0}.Debug|Any CPU.Build.0 = Debug|Any CPU
		{B60B8B34-6029-4D76-A6EF-A1A98CF854C0}.Release|Any CPU.ActiveCfg = Release|Any CPU
		{B60B8B34-6029-4D76-A6EF-A1A98CF854C0}.Release|Any CPU.Build.0 = Release|Any CPU
	EndGlobalSection
	GlobalSection(SolutionProperties) = preSolution
		HideSolutionNode = FALSE
	EndGlobalSection
	GlobalSection(ExtensibilityGlobals) = postSolution
		SolutionGuid = {47350483-0416-41A9-A068-F31B1CB55FF6}
	EndGlobalSection
EndGlobal
